
Microsoft Visual Studio Solution File, Format Version 12.00
# Visual Studio Version 17
VisualStudioVersion = 17.13.35931.197 d17.13
MinimumVisualStudioVersion = 10.0.40219.1
Project("{FAE04EC0-301F-11D3-BF4B-00C04F79EFBC}") = "DoAn_API", "DoAn_API\DoAn_API.csproj", "{2230BC90-53D5-444C-9476-AC2AB69C560A}"
EndProject
Project("{FAE04EC0-301F-11D3-BF4B-00C04F79EFBC}") = "DoAn_MVC", "DoAn_MVC\DoAn_MVC.csproj", "{76860605-5713-42F2-92CC-1C731BC332FA}"
EndProject
Global
	GlobalSection(SolutionConfigurationPlatforms) = preSolution
		Debug|Any CPU = Debug|Any CPU
		Release|Any CPU = Release|Any CPU
	EndGlobalSection
	GlobalSection(ProjectConfigurationPlatforms) = postSolution
		{2230BC90-53D5-444C-9476-AC2AB69C560A}.Debug|Any CPU.ActiveCfg = Debug|Any CPU
		{2230BC90-53D5-444C-9476-AC2AB69C560A}.Debug|Any CPU.Build.0 = Debug|Any CPU
		{2230BC90-53D5-444C-9476-AC2AB69C560A}.Release|Any CPU.ActiveCfg = Release|Any CPU
		{2230BC90-53D5-444C-9476-AC2AB69C560A}.Release|Any CPU.Build.0 = Release|Any CPU
		{76860605-5713-42F2-92CC-1C731BC332FA}.Debug|Any CPU.ActiveCfg = Debug|Any CPU
		{76860605-5713-42F2-92CC-1C731BC332FA}.Debug|Any CPU.Build.0 = Debug|Any CPU
		{76860605-5713-42F2-92CC-1C731BC332FA}.Release|Any CPU.ActiveCfg = Release|Any CPU
		{76860605-5713-42F2-92CC-1C731BC332FA}.Release|Any CPU.Build.0 = Release|Any CPU
	EndGlobalSection
	GlobalSection(SolutionProperties) = preSolution
		HideSolutionNode = FALSE
	EndGlobalSection
	GlobalSection(ExtensibilityGlobals) = postSolution
		SolutionGuid = {F6762D76-EEBE-41A5-8545-1E1618CFEC55}
	EndGlobalSection
EndGlobal
